
Microsoft Visual Studio Solution File, Format Version 12.00
# Visual Studio Version 17
VisualStudioVersion = 17.11.35219.272
MinimumVisualStudioVersion = 10.0.40219.1
Project("{FAE04EC0-301F-11D3-BF4B-00C04F79EFBC}") = "Parking System Management", "Parking System Management\Parking System Management.csproj", "{36E092DC-D834-436B-8AA3-C088F772966C}"
EndProject
Global
	GlobalSection(SolutionConfigurationPlatforms) = preSolution
		Debug|Any CPU = Debug|Any CPU
		Release|Any CPU = Release|Any CPU
	EndGlobalSection
	GlobalSection(ProjectConfigurationPlatforms) = postSolution
		{36E092DC-D834-436B-8AA3-C088F772966C}.Debug|Any CPU.ActiveCfg = Debug|Any CPU
		{36E092DC-D834-436B-8AA3-C088F772966C}.Debug|Any CPU.Build.0 = Debug|Any CPU
		{36E092DC-D834-436B-8AA3-C088F772966C}.Release|Any CPU.ActiveCfg = Release|Any CPU
		{36E092DC-D834-436B-8AA3-C088F772966C}.Release|Any CPU.Build.0 = Release|Any CPU
	EndGlobalSection
	GlobalSection(SolutionProperties) = preSolution
		HideSolutionNode = FALSE
	EndGlobalSection
	GlobalSection(ExtensibilityGlobals) = postSolution
		SolutionGuid = {4D2D10FC-5D38-4C2E-BE7B-F38E0752AC98}
	EndGlobalSection
EndGlobal
