
Microsoft Visual Studio Solution File, Format Version 12.00
# Visual Studio Version 17
VisualStudioVersion = 17.11.35219.272
MinimumVisualStudioVersion = 10.0.40219.1
Project("{FAE04EC0-301F-11D3-BF4B-00C04F79EFBC}") = "GUI", "Demo 3 Layer Model\GUI.csproj", "{3B0E6884-1742-4345-8E33-B395627D6F2D}"
EndProject
Project("{FAE04EC0-301F-11D3-BF4B-00C04F79EFBC}") = "BUS", "BUS\BUS.csproj", "{EF8567BD-E980-482F-BB7D-E4D852E9E3C4}"
EndProject
Project("{FAE04EC0-301F-11D3-BF4B-00C04F79EFBC}") = "DAO", "DAO\DAO.csproj", "{A090A140-801D-423B-A303-3807647865B9}"
EndProject
Project("{FAE04EC0-301F-11D3-BF4B-00C04F79EFBC}") = "DTO", "DTO\DTO.csproj", "{34665B90-549D-4A0B-8D17-2ECDA9D2E705}"
EndProject
Project("{2150E333-8FDC-42A3-9474-1A3956D46DE8}") = "PRESENTATION LAYER", "PRESENTATION LAYER", "{A6A50A54-A0EB-40E9-9CAF-7B62FB326902}"
EndProject
Project("{2150E333-8FDC-42A3-9474-1A3956D46DE8}") = "BUSSINESS LAYER", "BUSSINESS LAYER", "{64DE00D1-94C3-4B15-9F18-38726D8BFB38}"
EndProject
Project("{2150E333-8FDC-42A3-9474-1A3956D46DE8}") = "DB Layer", "DB Layer", "{F9CBBE96-DD06-409B-A760-01358F27CC05}"
EndProject
Global
	GlobalSection(SolutionConfigurationPlatforms) = preSolution
		Debug|Any CPU = Debug|Any CPU
		Release|Any CPU = Release|Any CPU
	EndGlobalSection
	GlobalSection(ProjectConfigurationPlatforms) = postSolution
		{3B0E6884-1742-4345-8E33-B395627D6F2D}.Debug|Any CPU.ActiveCfg = Debug|Any CPU
		{3B0E6884-1742-4345-8E33-B395627D6F2D}.Debug|Any CPU.Build.0 = Debug|Any CPU
		{3B0E6884-1742-4345-8E33-B395627D6F2D}.Release|Any CPU.ActiveCfg = Release|Any CPU
		{3B0E6884-1742-4345-8E33-B395627D6F2D}.Release|Any CPU.Build.0 = Release|Any CPU
		{EF8567BD-E980-482F-BB7D-E4D852E9E3C4}.Debug|Any CPU.ActiveCfg = Debug|Any CPU
		{EF8567BD-E980-482F-BB7D-E4D852E9E3C4}.Debug|Any CPU.Build.0 = Debug|Any CPU
		{EF8567BD-E980-482F-BB7D-E4D852E9E3C4}.Release|Any CPU.ActiveCfg = Release|Any CPU
		{EF8567BD-E980-482F-BB7D-E4D852E9E3C4}.Release|Any CPU.Build.0 = Release|Any CPU
		{A090A140-801D-423B-A303-3807647865B9}.Debug|Any CPU.ActiveCfg = Debug|Any CPU
		{A090A140-801D-423B-A303-3807647865B9}.Debug|Any CPU.Build.0 = Debug|Any CPU
		{A090A140-801D-423B-A303-3807647865B9}.Release|Any CPU.ActiveCfg = Release|Any CPU
		{A090A140-801D-423B-A303-3807647865B9}.Release|Any CPU.Build.0 = Release|Any CPU
		{34665B90-549D-4A0B-8D17-2ECDA9D2E705}.Debug|Any CPU.ActiveCfg = Debug|Any CPU
		{34665B90-549D-4A0B-8D17-2ECDA9D2E705}.Debug|Any CPU.Build.0 = Debug|Any CPU
		{34665B90-549D-4A0B-8D17-2ECDA9D2E705}.Release|Any CPU.ActiveCfg = Release|Any CPU
		{34665B90-549D-4A0B-8D17-2ECDA9D2E705}.Release|Any CPU.Build.0 = Release|Any CPU
	EndGlobalSection
	GlobalSection(SolutionProperties) = preSolution
		HideSolutionNode = FALSE
	EndGlobalSection
	GlobalSection(NestedProjects) = preSolution
		{3B0E6884-1742-4345-8E33-B395627D6F2D} = {A6A50A54-A0EB-40E9-9CAF-7B62FB326902}
		{EF8567BD-E980-482F-BB7D-E4D852E9E3C4} = {64DE00D1-94C3-4B15-9F18-38726D8BFB38}
		{A090A140-801D-423B-A303-3807647865B9} = {F9CBBE96-DD06-409B-A760-01358F27CC05}
		{34665B90-549D-4A0B-8D17-2ECDA9D2E705} = {64DE00D1-94C3-4B15-9F18-38726D8BFB38}
	EndGlobalSection
	GlobalSection(ExtensibilityGlobals) = postSolution
		SolutionGuid = {E5BDBDE2-3A65-46C9-84B1-5D27442CCD57}
	EndGlobalSection
EndGlobal
